{
  "name": "nodejs-bookmark-manager",
  "version": "1.0.0",
  "lockfileVersion": 2,
  "requires": true,
  "packages": {
    "": {
      "name": "nodejs-bookmark-manager",
      "version": "1.0.0",
      "license": "ISC",
      "bin": {
        "create-project": "bin/create-project.js"
      }
    }
  }
}
